
Microsoft Visual Studio Solution File, Format Version 12.00
# Visual Studio Version 17
VisualStudioVersion = 17.8.34330.188
MinimumVisualStudioVersion = 10.0.40219.1
Project("{FAE04EC0-301F-11D3-BF4B-00C04F79EFBC}") = "MailSender_PV_321", "MailSender_PV_321\MailSender_PV_321.csproj", "{D83D7DB9-C365-48E2-B87D-8FA0246024C6}"
EndProject
Global
	GlobalSection(SolutionConfigurationPlatforms) = preSolution
		Debug|Any CPU = Debug|Any CPU
		Release|Any CPU = Release|Any CPU
	EndGlobalSection
	GlobalSection(ProjectConfigurationPlatforms) = postSolution
		{D83D7DB9-C365-48E2-B87D-8FA0246024C6}.Debug|Any CPU.ActiveCfg = Debug|Any CPU
		{D83D7DB9-C365-48E2-B87D-8FA0246024C6}.Debug|Any CPU.Build.0 = Debug|Any CPU
		{D83D7DB9-C365-48E2-B87D-8FA0246024C6}.Release|Any CPU.ActiveCfg = Release|Any CPU
		{D83D7DB9-C365-48E2-B87D-8FA0246024C6}.Release|Any CPU.Build.0 = Release|Any CPU
	EndGlobalSection
	GlobalSection(SolutionProperties) = preSolution
		HideSolutionNode = FALSE
	EndGlobalSection
	GlobalSection(ExtensibilityGlobals) = postSolution
		SolutionGuid = {F14EE23B-2474-4DB0-A375-AEEBE0C2ACE4}
	EndGlobalSection
EndGlobal
